
Microsoft Visual Studio Solution File, Format Version 12.00
# Visual Studio 2013
VisualStudioVersion = 12.0.31101.0
MinimumVisualStudioVersion = 10.0.40219.1
Project("{FAE04EC0-301F-11D3-BF4B-00C04F79EFBC}") = "TwainDotNet", "twaindotnet\TwainDotNet\TwainDotNet.csproj", "{857B8891-2932-484D-A9A8-D38B47108CF0}"
EndProject
Project("{FAE04EC0-301F-11D3-BF4B-00C04F79EFBC}") = "TwainDotNet.WinFroms", "twaindotnet\TwainDotNet.WinFroms\TwainDotNet.WinFroms.csproj", "{715EED8D-94FE-40ED-B3F7-59284FA6242B}"
EndProject
Project("{FAE04EC0-301F-11D3-BF4B-00C04F79EFBC}") = "TWAINCapture", "TWAINCapture\TWAINCapture.csproj", "{86844B38-B777-442B-A34C-085B31C41A88}"
EndProject
Project("{FAE04EC0-301F-11D3-BF4B-00C04F79EFBC}") = "Alfresco", "Alfresco\Alfresco.csproj", "{F7C103E8-5C55-45BB-AEBE-8FF39ED2B298}"
EndProject
Project("{FAE04EC0-301F-11D3-BF4B-00C04F79EFBC}") = "ScanSystem", "ScanSystem\ScanSystem.csproj", "{229188B6-3622-44A8-AF55-E26676D6FA5E}"
EndProject
Project("{FAE04EC0-301F-11D3-BF4B-00C04F79EFBC}") = "Extended", "WinFormUtilHelpV2\Extended.csproj", "{EB0E29AE-4E03-4B23-A7D4-5780907AA569}"
EndProject
Project("{6141683F-8A12-4E36-9623-2EB02B2C2303}") = "Setup", "Setup\Setup.isproj", "{7D5B2674-F37B-4132-A3E2-6AD76AE09C6C}"
EndProject
Global
	GlobalSection(SolutionConfigurationPlatforms) = preSolution
		CD_ROM|Any CPU = CD_ROM|Any CPU
		Debug|Any CPU = Debug|Any CPU
		DVD-5|Any CPU = DVD-5|Any CPU
		Release|Any CPU = Release|Any CPU
		SingleImage|Any CPU = SingleImage|Any CPU
	EndGlobalSection
	GlobalSection(ProjectConfigurationPlatforms) = postSolution
		{857B8891-2932-484D-A9A8-D38B47108CF0}.CD_ROM|Any CPU.ActiveCfg = Release|Any CPU
		{857B8891-2932-484D-A9A8-D38B47108CF0}.CD_ROM|Any CPU.Build.0 = Release|Any CPU
		{857B8891-2932-484D-A9A8-D38B47108CF0}.Debug|Any CPU.ActiveCfg = Debug|Any CPU
		{857B8891-2932-484D-A9A8-D38B47108CF0}.Debug|Any CPU.Build.0 = Debug|Any CPU
		{857B8891-2932-484D-A9A8-D38B47108CF0}.DVD-5|Any CPU.ActiveCfg = Debug|Any CPU
		{857B8891-2932-484D-A9A8-D38B47108CF0}.DVD-5|Any CPU.Build.0 = Debug|Any CPU
		{857B8891-2932-484D-A9A8-D38B47108CF0}.Release|Any CPU.ActiveCfg = Release|Any CPU
		{857B8891-2932-484D-A9A8-D38B47108CF0}.Release|Any CPU.Build.0 = Release|Any CPU
		{857B8891-2932-484D-A9A8-D38B47108CF0}.SingleImage|Any CPU.ActiveCfg = Release|Any CPU
		{857B8891-2932-484D-A9A8-D38B47108CF0}.SingleImage|Any CPU.Build.0 = Release|Any CPU
		{715EED8D-94FE-40ED-B3F7-59284FA6242B}.CD_ROM|Any CPU.ActiveCfg = Release|Any CPU
		{715EED8D-94FE-40ED-B3F7-59284FA6242B}.CD_ROM|Any CPU.Build.0 = Release|Any CPU
		{715EED8D-94FE-40ED-B3F7-59284FA6242B}.Debug|Any CPU.ActiveCfg = Debug|Any CPU
		{715EED8D-94FE-40ED-B3F7-59284FA6242B}.Debug|Any CPU.Build.0 = Debug|Any CPU
		{715EED8D-94FE-40ED-B3F7-59284FA6242B}.DVD-5|Any CPU.ActiveCfg = Debug|Any CPU
		{715EED8D-94FE-40ED-B3F7-59284FA6242B}.DVD-5|Any CPU.Build.0 = Debug|Any CPU
		{715EED8D-94FE-40ED-B3F7-59284FA6242B}.Release|Any CPU.ActiveCfg = Release|Any CPU
		{715EED8D-94FE-40ED-B3F7-59284FA6242B}.Release|Any CPU.Build.0 = Release|Any CPU
		{715EED8D-94FE-40ED-B3F7-59284FA6242B}.SingleImage|Any CPU.ActiveCfg = Release|Any CPU
		{715EED8D-94FE-40ED-B3F7-59284FA6242B}.SingleImage|Any CPU.Build.0 = Release|Any CPU
		{86844B38-B777-442B-A34C-085B31C41A88}.CD_ROM|Any CPU.ActiveCfg = Release|Any CPU
		{86844B38-B777-442B-A34C-085B31C41A88}.CD_ROM|Any CPU.Build.0 = Release|Any CPU
		{86844B38-B777-442B-A34C-085B31C41A88}.Debug|Any CPU.ActiveCfg = Debug|Any CPU
		{86844B38-B777-442B-A34C-085B31C41A88}.Debug|Any CPU.Build.0 = Debug|Any CPU
		{86844B38-B777-442B-A34C-085B31C41A88}.DVD-5|Any CPU.ActiveCfg = Debug|Any CPU
		{86844B38-B777-442B-A34C-085B31C41A88}.DVD-5|Any CPU.Build.0 = Debug|Any CPU
		{86844B38-B777-442B-A34C-085B31C41A88}.Release|Any CPU.ActiveCfg = Release|Any CPU
		{86844B38-B777-442B-A34C-085B31C41A88}.Release|Any CPU.Build.0 = Release|Any CPU
		{86844B38-B777-442B-A34C-085B31C41A88}.SingleImage|Any CPU.ActiveCfg = Release|Any CPU
		{86844B38-B777-442B-A34C-085B31C41A88}.SingleImage|Any CPU.Build.0 = Release|Any CPU
		{F7C103E8-5C55-45BB-AEBE-8FF39ED2B298}.CD_ROM|Any CPU.ActiveCfg = Release|Any CPU
		{F7C103E8-5C55-45BB-AEBE-8FF39ED2B298}.CD_ROM|Any CPU.Build.0 = Release|Any CPU
		{F7C103E8-5C55-45BB-AEBE-8FF39ED2B298}.Debug|Any CPU.ActiveCfg = Debug|Any CPU
		{F7C103E8-5C55-45BB-AEBE-8FF39ED2B298}.Debug|Any CPU.Build.0 = Debug|Any CPU
		{F7C103E8-5C55-45BB-AEBE-8FF39ED2B298}.DVD-5|Any CPU.ActiveCfg = Debug|Any CPU
		{F7C103E8-5C55-45BB-AEBE-8FF39ED2B298}.DVD-5|Any CPU.Build.0 = Debug|Any CPU
		{F7C103E8-5C55-45BB-AEBE-8FF39ED2B298}.Release|Any CPU.ActiveCfg = Release|Any CPU
		{F7C103E8-5C55-45BB-AEBE-8FF39ED2B298}.Release|Any CPU.Build.0 = Release|Any CPU
		{F7C103E8-5C55-45BB-AEBE-8FF39ED2B298}.SingleImage|Any CPU.ActiveCfg = Release|Any CPU
		{F7C103E8-5C55-45BB-AEBE-8FF39ED2B298}.SingleImage|Any CPU.Build.0 = Release|Any CPU
		{229188B6-3622-44A8-AF55-E26676D6FA5E}.CD_ROM|Any CPU.ActiveCfg = Release|Any CPU
		{229188B6-3622-44A8-AF55-E26676D6FA5E}.CD_ROM|Any CPU.Build.0 = Release|Any CPU
		{229188B6-3622-44A8-AF55-E26676D6FA5E}.Debug|Any CPU.ActiveCfg = Debug|Any CPU
		{229188B6-3622-44A8-AF55-E26676D6FA5E}.Debug|Any CPU.Build.0 = Debug|Any CPU
		{229188B6-3622-44A8-AF55-E26676D6FA5E}.DVD-5|Any CPU.ActiveCfg = Debug|Any CPU
		{229188B6-3622-44A8-AF55-E26676D6FA5E}.DVD-5|Any CPU.Build.0 = Debug|Any CPU
		{229188B6-3622-44A8-AF55-E26676D6FA5E}.Release|Any CPU.ActiveCfg = Release|Any CPU
		{229188B6-3622-44A8-AF55-E26676D6FA5E}.Release|Any CPU.Build.0 = Release|Any CPU
		{229188B6-3622-44A8-AF55-E26676D6FA5E}.SingleImage|Any CPU.ActiveCfg = Release|Any CPU
		{229188B6-3622-44A8-AF55-E26676D6FA5E}.SingleImage|Any CPU.Build.0 = Release|Any CPU
		{EB0E29AE-4E03-4B23-A7D4-5780907AA569}.CD_ROM|Any CPU.ActiveCfg = Release|Any CPU
		{EB0E29AE-4E03-4B23-A7D4-5780907AA569}.CD_ROM|Any CPU.Build.0 = Release|Any CPU
		{EB0E29AE-4E03-4B23-A7D4-5780907AA569}.Debug|Any CPU.ActiveCfg = Debug|Any CPU
		{EB0E29AE-4E03-4B23-A7D4-5780907AA569}.Debug|Any CPU.Build.0 = Debug|Any CPU
		{EB0E29AE-4E03-4B23-A7D4-5780907AA569}.DVD-5|Any CPU.ActiveCfg = Debug|Any CPU
		{EB0E29AE-4E03-4B23-A7D4-5780907AA569}.DVD-5|Any CPU.Build.0 = Debug|Any CPU
		{EB0E29AE-4E03-4B23-A7D4-5780907AA569}.Release|Any CPU.ActiveCfg = Release|Any CPU
		{EB0E29AE-4E03-4B23-A7D4-5780907AA569}.Release|Any CPU.Build.0 = Release|Any CPU
		{EB0E29AE-4E03-4B23-A7D4-5780907AA569}.SingleImage|Any CPU.ActiveCfg = Release|Any CPU
		{EB0E29AE-4E03-4B23-A7D4-5780907AA569}.SingleImage|Any CPU.Build.0 = Release|Any CPU
		{7D5B2674-F37B-4132-A3E2-6AD76AE09C6C}.CD_ROM|Any CPU.ActiveCfg = CD_ROM
		{7D5B2674-F37B-4132-A3E2-6AD76AE09C6C}.CD_ROM|Any CPU.Build.0 = CD_ROM
		{7D5B2674-F37B-4132-A3E2-6AD76AE09C6C}.Debug|Any CPU.ActiveCfg = DVD-5
		{7D5B2674-F37B-4132-A3E2-6AD76AE09C6C}.Debug|Any CPU.Build.0 = DVD-5
		{7D5B2674-F37B-4132-A3E2-6AD76AE09C6C}.DVD-5|Any CPU.ActiveCfg = DVD-5
		{7D5B2674-F37B-4132-A3E2-6AD76AE09C6C}.DVD-5|Any CPU.Build.0 = DVD-5
		{7D5B2674-F37B-4132-A3E2-6AD76AE09C6C}.Release|Any CPU.ActiveCfg = SingleImage
		{7D5B2674-F37B-4132-A3E2-6AD76AE09C6C}.Release|Any CPU.Build.0 = SingleImage
		{7D5B2674-F37B-4132-A3E2-6AD76AE09C6C}.SingleImage|Any CPU.ActiveCfg = SingleImage
		{7D5B2674-F37B-4132-A3E2-6AD76AE09C6C}.SingleImage|Any CPU.Build.0 = SingleImage
	EndGlobalSection
	GlobalSection(SolutionProperties) = preSolution
		HideSolutionNode = FALSE
	EndGlobalSection
EndGlobal
